<?xml version="1.0" encoding="utf-8"?>
<Project ToolsVersion="4.0" xmlns="http://schemas.microsoft.com/developer/msbuild/2003">
  <ItemGroup>
    <ClCompile Include="main.cpp" />
    <ClCompile Include="ImageFunctions.cpp">
      <Filter>Source</Filter>
    </ClCompile>
    <ClCompile Include="GifForecast.cpp">
      <Filter>Source</Filter>
    </ClCompile>
    <ClCompile Include="FileSystem.cpp">
      <Filter>Source</Filter>
    </ClCompile>
    <ClCompile Include="VideoForecast.cpp">
      <Filter>Source</Filter>
    </ClCompile>
    <ClCompile Include="WxData.cpp">
      <Filter>Source</Filter>
    </ClCompile>
  </ItemGroup>
  <ItemGroup>
    <Filter Include="Headers">
      <UniqueIdentifier>{f7485e6f-6d54-4246-9b54-44577b3bb96c}</UniqueIdentifier>
    </Filter>
    <Filter Include="Source">
      <UniqueIdentifier>{e4eb9332-e005-45ef-8f6c-076314b27b00}</UniqueIdentifier>
    </Filter>
  </ItemGroup>
  <ItemGroup>
    <ClInclude Include="ComInstanceController.h">
      <Filter>Headers</Filter>
    </ClInclude>
    <ClInclude Include="ImageFunctions.h">
      <Filter>Headers</Filter>
    </ClInclude>
    <ClInclude Include="FileSystem.h">
      <Filter>Headers</Filter>
    </ClInclude>
    <ClInclude Include="ForecastRenderers.h">
      <Filter>Headers</Filter>
    </ClInclude>
    <ClInclude Include="WxData.h">
      <Filter>Headers</Filter>
    </ClInclude>
  </ItemGroup>
</Project>